
Microsoft Visual Studio Solution File, Format Version 11.00
# Visual Studio 2010
Project("{FAE04EC0-301F-11D3-BF4B-00C04F79EFBC}") = "Unity.Timeline", "Unity.Timeline.csproj", "{fb78448d-890a-27e1-4dd6-c360e772098e}"
EndProject
Project("{FAE04EC0-301F-11D3-BF4B-00C04F79EFBC}") = "Unity.Timeline.Editor", "Unity.Timeline.Editor.csproj", "{938099a3-e042-4e26-1fa5-3b44f22f0c3e}"
EndProject
Project("{FAE04EC0-301F-11D3-BF4B-00C04F79EFBC}") = "Unity.InputSystem", "Unity.InputSystem.csproj", "{f0708201-40b6-33bc-c774-d948cbefbb1d}"
EndProject
Project("{FAE04EC0-301F-11D3-BF4B-00C04F79EFBC}") = "Unity.TextMeshPro.Editor", "Unity.TextMeshPro.Editor.csproj", "{989209e1-0a05-37ce-852d-b631bc552e8a}"
EndProject
Project("{FAE04EC0-301F-11D3-BF4B-00C04F79EFBC}") = "Unity.VisualScripting.Flow", "Unity.VisualScripting.Flow.csproj", "{f96536d5-be7b-209f-f382-4f349722f5e3}"
EndProject
Project("{FAE04EC0-301F-11D3-BF4B-00C04F79EFBC}") = "Unity.PlasticSCM.Editor", "Unity.PlasticSCM.Editor.csproj", "{de1942b7-063c-4d89-da78-bc6d8df5cf51}"
EndProject
Project("{FAE04EC0-301F-11D3-BF4B-00C04F79EFBC}") = "Unity.VisualScripting.Core", "Unity.VisualScripting.Core.csproj", "{a1788cb0-d2c0-b3f7-b6f6-10c2acf696d8}"
EndProject
Project("{FAE04EC0-301F-11D3-BF4B-00C04F79EFBC}") = "Unity.Mathematics", "Unity.Mathematics.csproj", "{3ea500b9-6e02-f781-9c93-27bf72adb48e}"
EndProject
Project("{FAE04EC0-301F-11D3-BF4B-00C04F79EFBC}") = "Cinemachine", "Cinemachine.csproj", "{6d614a7c-b448-0e62-808d-6e264a053834}"
EndProject
Project("{FAE04EC0-301F-11D3-BF4B-00C04F79EFBC}") = "Unity.VisualScripting.Core.Editor", "Unity.VisualScripting.Core.Editor.csproj", "{956d6605-4038-553b-fe5c-2724639e0a4a}"
EndProject
Project("{FAE04EC0-301F-11D3-BF4B-00C04F79EFBC}") = "Unity.VisualScripting.Flow.Editor", "Unity.VisualScripting.Flow.Editor.csproj", "{2b9a4a28-c3a2-a449-8953-31ce2e0eac68}"
EndProject
Project("{FAE04EC0-301F-11D3-BF4B-00C04F79EFBC}") = "UnityEditor.TestRunner", "UnityEditor.TestRunner.csproj", "{d65180d5-1a6c-73bd-78a8-b3f513818026}"
EndProject
Project("{FAE04EC0-301F-11D3-BF4B-00C04F79EFBC}") = "Unity.VisualScripting.SettingsProvider.Editor", "Unity.VisualScripting.SettingsProvider.Editor.csproj", "{380c9afd-9815-1fcc-7259-f11c2c2b990c}"
EndProject
Project("{FAE04EC0-301F-11D3-BF4B-00C04F79EFBC}") = "UnityEngine.TestRunner", "UnityEngine.TestRunner.csproj", "{a9e5b7f8-cab5-7946-0d8a-acd1246b1614}"
EndProject
Project("{FAE04EC0-301F-11D3-BF4B-00C04F79EFBC}") = "Unity.Searcher.Editor", "Unity.Searcher.Editor.csproj", "{bc9b6240-113c-779a-0f85-eb663c2ca234}"
EndProject
Project("{FAE04EC0-301F-11D3-BF4B-00C04F79EFBC}") = "Unity.Burst", "Unity.Burst.csproj", "{e49fbc86-cb59-9b01-4d02-07f1d788f83f}"
EndProject
Project("{FAE04EC0-301F-11D3-BF4B-00C04F79EFBC}") = "Unity.AI.Navigation.Editor", "Unity.AI.Navigation.Editor.csproj", "{e18e2474-f0d1-b02b-871b-b50adce72536}"
EndProject
Project("{FAE04EC0-301F-11D3-BF4B-00C04F79EFBC}") = "Unity.VisualStudio.Editor", "Unity.VisualStudio.Editor.csproj", "{06ffff73-e0ae-6030-8d0f-6c748b609399}"
EndProject
Project("{FAE04EC0-301F-11D3-BF4B-00C04F79EFBC}") = "com.unity.cinemachine.editor", "com.unity.cinemachine.editor.csproj", "{90fd2787-c2c1-a438-fed4-3581cafd1dc5}"
EndProject
Project("{FAE04EC0-301F-11D3-BF4B-00C04F79EFBC}") = "Unity.Rider.Editor", "Unity.Rider.Editor.csproj", "{e85cb981-923f-99f5-d257-31dab2a5564d}"
EndProject
Project("{FAE04EC0-301F-11D3-BF4B-00C04F79EFBC}") = "Unity.AI.Navigation", "Unity.AI.Navigation.csproj", "{a7ab1a02-1ccb-cce2-7f6c-c764a1dfe21f}"
EndProject
Project("{FAE04EC0-301F-11D3-BF4B-00C04F79EFBC}") = "Unity.AI.Navigation.Editor.ConversionSystem", "Unity.AI.Navigation.Editor.ConversionSystem.csproj", "{9b252af2-2ef9-0c29-6fc6-d02effc74431}"
EndProject
Project("{FAE04EC0-301F-11D3-BF4B-00C04F79EFBC}") = "Unity.VisualScripting.State.Editor", "Unity.VisualScripting.State.Editor.csproj", "{f20e4515-799f-a458-5910-7f2f8d7d2518}"
EndProject
Project("{FAE04EC0-301F-11D3-BF4B-00C04F79EFBC}") = "Unity.Burst.CodeGen", "Unity.Burst.CodeGen.csproj", "{a67e36df-b758-5bc6-7cd7-9b3e7fde434a}"
EndProject
Project("{FAE04EC0-301F-11D3-BF4B-00C04F79EFBC}") = "Unity.VisualScripting.State", "Unity.VisualScripting.State.csproj", "{e6553cc1-afee-c031-7501-b60330457131}"
EndProject
Project("{FAE04EC0-301F-11D3-BF4B-00C04F79EFBC}") = "Unity.TextMeshPro", "Unity.TextMeshPro.csproj", "{f0a60962-fd0a-2d41-526f-bd16903f76bf}"
EndProject
Project("{FAE04EC0-301F-11D3-BF4B-00C04F79EFBC}") = "Assembly-CSharp", "Assembly-CSharp.csproj", "{cd2d978b-8d22-5019-f03d-59cf5d4502e2}"
EndProject
Project("{FAE04EC0-301F-11D3-BF4B-00C04F79EFBC}") = "Unity.VSCode.Editor", "Unity.VSCode.Editor.csproj", "{29d0b552-297d-c219-b8eb-40dce28417d9}"
EndProject
Project("{FAE04EC0-301F-11D3-BF4B-00C04F79EFBC}") = "Unity.Burst.Editor", "Unity.Burst.Editor.csproj", "{4359081e-5fa2-4e2b-f439-fab9512d3c84}"
EndProject
Project("{FAE04EC0-301F-11D3-BF4B-00C04F79EFBC}") = "Unity.AI.Navigation.Updater", "Unity.AI.Navigation.Updater.csproj", "{1922ef73-5da6-94f3-2861-2728def071f8}"
EndProject
Project("{FAE04EC0-301F-11D3-BF4B-00C04F79EFBC}") = "Unity.Mathematics.Editor", "Unity.Mathematics.Editor.csproj", "{afc1dc4b-2a57-6c78-eb5b-cbac87d42d76}"
EndProject
Project("{FAE04EC0-301F-11D3-BF4B-00C04F79EFBC}") = "Assembly-CSharp-Editor", "Assembly-CSharp-Editor.csproj", "{df1da5b4-cbab-acbf-8120-6da770d1fe1f}"
EndProject
Project("{FAE04EC0-301F-11D3-BF4B-00C04F79EFBC}") = "Unity.InputSystem.TestFramework", "Unity.InputSystem.TestFramework.csproj", "{341b1b0a-8347-1c4f-9569-0f9c6df4c869}"
EndProject
Project("{FAE04EC0-301F-11D3-BF4B-00C04F79EFBC}") = "Unity.VisualScripting.Shared.Editor", "Unity.VisualScripting.Shared.Editor.csproj", "{c0a171ba-50bb-f519-9668-2bfdf1e3011f}"
EndProject
Project("{FAE04EC0-301F-11D3-BF4B-00C04F79EFBC}") = "Unity.CollabProxy.Editor", "Unity.CollabProxy.Editor.csproj", "{2695b7e4-8972-7a89-d5b2-3f3d36d1f6d1}"
EndProject
Global
	GlobalSection(SolutionConfigurationPlatforms) = preSolution
		Debug|Any CPU = Debug|Any CPU
	EndGlobalSection
	GlobalSection(ProjectConfigurationPlatforms) = postSolution
		{fb78448d-890a-27e1-4dd6-c360e772098e}.Debug|Any CPU.ActiveCfg = Debug|Any CPU
		{fb78448d-890a-27e1-4dd6-c360e772098e}.Debug|Any CPU.Build.0 = Debug|Any CPU
		{938099a3-e042-4e26-1fa5-3b44f22f0c3e}.Debug|Any CPU.ActiveCfg = Debug|Any CPU
		{938099a3-e042-4e26-1fa5-3b44f22f0c3e}.Debug|Any CPU.Build.0 = Debug|Any CPU
		{f0708201-40b6-33bc-c774-d948cbefbb1d}.Debug|Any CPU.ActiveCfg = Debug|Any CPU
		{f0708201-40b6-33bc-c774-d948cbefbb1d}.Debug|Any CPU.Build.0 = Debug|Any CPU
		{989209e1-0a05-37ce-852d-b631bc552e8a}.Debug|Any CPU.ActiveCfg = Debug|Any CPU
		{989209e1-0a05-37ce-852d-b631bc552e8a}.Debug|Any CPU.Build.0 = Debug|Any CPU
		{f96536d5-be7b-209f-f382-4f349722f5e3}.Debug|Any CPU.ActiveCfg = Debug|Any CPU
		{f96536d5-be7b-209f-f382-4f349722f5e3}.Debug|Any CPU.Build.0 = Debug|Any CPU
		{de1942b7-063c-4d89-da78-bc6d8df5cf51}.Debug|Any CPU.ActiveCfg = Debug|Any CPU
		{de1942b7-063c-4d89-da78-bc6d8df5cf51}.Debug|Any CPU.Build.0 = Debug|Any CPU
		{a1788cb0-d2c0-b3f7-b6f6-10c2acf696d8}.Debug|Any CPU.ActiveCfg = Debug|Any CPU
		{a1788cb0-d2c0-b3f7-b6f6-10c2acf696d8}.Debug|Any CPU.Build.0 = Debug|Any CPU
		{3ea500b9-6e02-f781-9c93-27bf72adb48e}.Debug|Any CPU.ActiveCfg = Debug|Any CPU
		{3ea500b9-6e02-f781-9c93-27bf72adb48e}.Debug|Any CPU.Build.0 = Debug|Any CPU
		{6d614a7c-b448-0e62-808d-6e264a053834}.Debug|Any CPU.ActiveCfg = Debug|Any CPU
		{6d614a7c-b448-0e62-808d-6e264a053834}.Debug|Any CPU.Build.0 = Debug|Any CPU
		{956d6605-4038-553b-fe5c-2724639e0a4a}.Debug|Any CPU.ActiveCfg = Debug|Any CPU
		{956d6605-4038-553b-fe5c-2724639e0a4a}.Debug|Any CPU.Build.0 = Debug|Any CPU
		{2b9a4a28-c3a2-a449-8953-31ce2e0eac68}.Debug|Any CPU.ActiveCfg = Debug|Any CPU
		{2b9a4a28-c3a2-a449-8953-31ce2e0eac68}.Debug|Any CPU.Build.0 = Debug|Any CPU
		{d65180d5-1a6c-73bd-78a8-b3f513818026}.Debug|Any CPU.ActiveCfg = Debug|Any CPU
		{d65180d5-1a6c-73bd-78a8-b3f513818026}.Debug|Any CPU.Build.0 = Debug|Any CPU
		{380c9afd-9815-1fcc-7259-f11c2c2b990c}.Debug|Any CPU.ActiveCfg = Debug|Any CPU
		{380c9afd-9815-1fcc-7259-f11c2c2b990c}.Debug|Any CPU.Build.0 = Debug|Any CPU
		{a9e5b7f8-cab5-7946-0d8a-acd1246b1614}.Debug|Any CPU.ActiveCfg = Debug|Any CPU
		{a9e5b7f8-cab5-7946-0d8a-acd1246b1614}.Debug|Any CPU.Build.0 = Debug|Any CPU
		{bc9b6240-113c-779a-0f85-eb663c2ca234}.Debug|Any CPU.ActiveCfg = Debug|Any CPU
		{bc9b6240-113c-779a-0f85-eb663c2ca234}.Debug|Any CPU.Build.0 = Debug|Any CPU
		{e49fbc86-cb59-9b01-4d02-07f1d788f83f}.Debug|Any CPU.ActiveCfg = Debug|Any CPU
		{e49fbc86-cb59-9b01-4d02-07f1d788f83f}.Debug|Any CPU.Build.0 = Debug|Any CPU
		{e18e2474-f0d1-b02b-871b-b50adce72536}.Debug|Any CPU.ActiveCfg = Debug|Any CPU
		{e18e2474-f0d1-b02b-871b-b50adce72536}.Debug|Any CPU.Build.0 = Debug|Any CPU
		{06ffff73-e0ae-6030-8d0f-6c748b609399}.Debug|Any CPU.ActiveCfg = Debug|Any CPU
		{06ffff73-e0ae-6030-8d0f-6c748b609399}.Debug|Any CPU.Build.0 = Debug|Any CPU
		{90fd2787-c2c1-a438-fed4-3581cafd1dc5}.Debug|Any CPU.ActiveCfg = Debug|Any CPU
		{90fd2787-c2c1-a438-fed4-3581cafd1dc5}.Debug|Any CPU.Build.0 = Debug|Any CPU
		{e85cb981-923f-99f5-d257-31dab2a5564d}.Debug|Any CPU.ActiveCfg = Debug|Any CPU
		{e85cb981-923f-99f5-d257-31dab2a5564d}.Debug|Any CPU.Build.0 = Debug|Any CPU
		{a7ab1a02-1ccb-cce2-7f6c-c764a1dfe21f}.Debug|Any CPU.ActiveCfg = Debug|Any CPU
		{a7ab1a02-1ccb-cce2-7f6c-c764a1dfe21f}.Debug|Any CPU.Build.0 = Debug|Any CPU
		{9b252af2-2ef9-0c29-6fc6-d02effc74431}.Debug|Any CPU.ActiveCfg = Debug|Any CPU
		{9b252af2-2ef9-0c29-6fc6-d02effc74431}.Debug|Any CPU.Build.0 = Debug|Any CPU
		{f20e4515-799f-a458-5910-7f2f8d7d2518}.Debug|Any CPU.ActiveCfg = Debug|Any CPU
		{f20e4515-799f-a458-5910-7f2f8d7d2518}.Debug|Any CPU.Build.0 = Debug|Any CPU
		{a67e36df-b758-5bc6-7cd7-9b3e7fde434a}.Debug|Any CPU.ActiveCfg = Debug|Any CPU
		{a67e36df-b758-5bc6-7cd7-9b3e7fde434a}.Debug|Any CPU.Build.0 = Debug|Any CPU
		{e6553cc1-afee-c031-7501-b60330457131}.Debug|Any CPU.ActiveCfg = Debug|Any CPU
		{e6553cc1-afee-c031-7501-b60330457131}.Debug|Any CPU.Build.0 = Debug|Any CPU
		{f0a60962-fd0a-2d41-526f-bd16903f76bf}.Debug|Any CPU.ActiveCfg = Debug|Any CPU
		{f0a60962-fd0a-2d41-526f-bd16903f76bf}.Debug|Any CPU.Build.0 = Debug|Any CPU
		{cd2d978b-8d22-5019-f03d-59cf5d4502e2}.Debug|Any CPU.ActiveCfg = Debug|Any CPU
		{cd2d978b-8d22-5019-f03d-59cf5d4502e2}.Debug|Any CPU.Build.0 = Debug|Any CPU
		{29d0b552-297d-c219-b8eb-40dce28417d9}.Debug|Any CPU.ActiveCfg = Debug|Any CPU
		{29d0b552-297d-c219-b8eb-40dce28417d9}.Debug|Any CPU.Build.0 = Debug|Any CPU
		{4359081e-5fa2-4e2b-f439-fab9512d3c84}.Debug|Any CPU.ActiveCfg = Debug|Any CPU
		{4359081e-5fa2-4e2b-f439-fab9512d3c84}.Debug|Any CPU.Build.0 = Debug|Any CPU
		{1922ef73-5da6-94f3-2861-2728def071f8}.Debug|Any CPU.ActiveCfg = Debug|Any CPU
		{1922ef73-5da6-94f3-2861-2728def071f8}.Debug|Any CPU.Build.0 = Debug|Any CPU
		{afc1dc4b-2a57-6c78-eb5b-cbac87d42d76}.Debug|Any CPU.ActiveCfg = Debug|Any CPU
		{afc1dc4b-2a57-6c78-eb5b-cbac87d42d76}.Debug|Any CPU.Build.0 = Debug|Any CPU
		{df1da5b4-cbab-acbf-8120-6da770d1fe1f}.Debug|Any CPU.ActiveCfg = Debug|Any CPU
		{df1da5b4-cbab-acbf-8120-6da770d1fe1f}.Debug|Any CPU.Build.0 = Debug|Any CPU
		{341b1b0a-8347-1c4f-9569-0f9c6df4c869}.Debug|Any CPU.ActiveCfg = Debug|Any CPU
		{341b1b0a-8347-1c4f-9569-0f9c6df4c869}.Debug|Any CPU.Build.0 = Debug|Any CPU
		{c0a171ba-50bb-f519-9668-2bfdf1e3011f}.Debug|Any CPU.ActiveCfg = Debug|Any CPU
		{c0a171ba-50bb-f519-9668-2bfdf1e3011f}.Debug|Any CPU.Build.0 = Debug|Any CPU
		{2695b7e4-8972-7a89-d5b2-3f3d36d1f6d1}.Debug|Any CPU.ActiveCfg = Debug|Any CPU
		{2695b7e4-8972-7a89-d5b2-3f3d36d1f6d1}.Debug|Any CPU.Build.0 = Debug|Any CPU
	EndGlobalSection
	GlobalSection(SolutionProperties) = preSolution
		HideSolutionNode = FALSE
	EndGlobalSection
EndGlobal
