
Microsoft Visual Studio Solution File, Format Version 12.00
# Visual Studio 15
Project("{FAE04EC0-301F-11D3-BF4B-00C04F79EFBC}") = "Unity.Timeline", "Unity.Timeline.csproj", "{8D4478FB-0A89-E127-4DD6-C360E772098E}"
EndProject
Project("{FAE04EC0-301F-11D3-BF4B-00C04F79EFBC}") = "Unity.Timeline.Editor", "Unity.Timeline.Editor.csproj", "{A3998093-42E0-264E-1FA5-3B44F22F0C3E}"
EndProject
Project("{FAE04EC0-301F-11D3-BF4B-00C04F79EFBC}") = "Unity.InputSystem", "Unity.InputSystem.csproj", "{018270F0-B640-BC33-C774-D948CBEFBB1D}"
EndProject
Project("{FAE04EC0-301F-11D3-BF4B-00C04F79EFBC}") = "Unity.TextMeshPro.Editor", "Unity.TextMeshPro.Editor.csproj", "{E1099298-050A-CE37-852D-B631BC552E8A}"
EndProject
Project("{FAE04EC0-301F-11D3-BF4B-00C04F79EFBC}") = "Unity.VisualScripting.Flow", "Unity.VisualScripting.Flow.csproj", "{D53665F9-7BBE-9F20-F382-4F349722F5E3}"
EndProject
Project("{FAE04EC0-301F-11D3-BF4B-00C04F79EFBC}") = "Unity.PlasticSCM.Editor", "Unity.PlasticSCM.Editor.csproj", "{B74219DE-3C06-894D-DA78-BC6D8DF5CF51}"
EndProject
Project("{FAE04EC0-301F-11D3-BF4B-00C04F79EFBC}") = "Unity.VisualScripting.Core", "Unity.VisualScripting.Core.csproj", "{B08C78A1-C0D2-F7B3-B6F6-10C2ACF696D8}"
EndProject
Project("{FAE04EC0-301F-11D3-BF4B-00C04F79EFBC}") = "Unity.Mathematics", "Unity.Mathematics.csproj", "{B900A53E-026E-81F7-9C93-27BF72ADB48E}"
EndProject
Project("{FAE04EC0-301F-11D3-BF4B-00C04F79EFBC}") = "Cinemachine", "Cinemachine.csproj", "{7C4A616D-48B4-620E-808D-6E264A053834}"
EndProject
Project("{FAE04EC0-301F-11D3-BF4B-00C04F79EFBC}") = "Unity.VisualScripting.Core.Editor", "Unity.VisualScripting.Core.Editor.csproj", "{05666D95-3840-3B55-FE5C-2724639E0A4A}"
EndProject
Project("{FAE04EC0-301F-11D3-BF4B-00C04F79EFBC}") = "Unity.VisualScripting.Flow.Editor", "Unity.VisualScripting.Flow.Editor.csproj", "{284A9A2B-A2C3-49A4-8953-31CE2E0EAC68}"
EndProject
Project("{FAE04EC0-301F-11D3-BF4B-00C04F79EFBC}") = "UnityEditor.TestRunner", "UnityEditor.TestRunner.csproj", "{D58051D6-6C1A-BD73-78A8-B3F513818026}"
EndProject
Project("{FAE04EC0-301F-11D3-BF4B-00C04F79EFBC}") = "Unity.VisualScripting.SettingsProvider.Editor", "Unity.VisualScripting.SettingsProvider.Editor.csproj", "{FD9A0C38-1598-CC1F-7259-F11C2C2B990C}"
EndProject
Project("{FAE04EC0-301F-11D3-BF4B-00C04F79EFBC}") = "UnityEngine.TestRunner", "UnityEngine.TestRunner.csproj", "{F8B7E5A9-B5CA-4679-0D8A-ACD1246B1614}"
EndProject
Project("{FAE04EC0-301F-11D3-BF4B-00C04F79EFBC}") = "Unity.Searcher.Editor", "Unity.Searcher.Editor.csproj", "{40629BBC-3C11-9A77-0F85-EB663C2CA234}"
EndProject
Project("{FAE04EC0-301F-11D3-BF4B-00C04F79EFBC}") = "Unity.Burst", "Unity.Burst.csproj", "{86BC9FE4-59CB-019B-4D02-07F1D788F83F}"
EndProject
Project("{FAE04EC0-301F-11D3-BF4B-00C04F79EFBC}") = "Unity.AI.Navigation.Editor", "Unity.AI.Navigation.Editor.csproj", "{74248EE1-D1F0-2BB0-871B-B50ADCE72536}"
EndProject
Project("{FAE04EC0-301F-11D3-BF4B-00C04F79EFBC}") = "Unity.VisualStudio.Editor", "Unity.VisualStudio.Editor.csproj", "{73FFFF06-AEE0-3060-8D0F-6C748B609399}"
EndProject
Project("{FAE04EC0-301F-11D3-BF4B-00C04F79EFBC}") = "com.unity.cinemachine.editor", "com.unity.cinemachine.editor.csproj", "{8727FD90-C1C2-38A4-FED4-3581CAFD1DC5}"
EndProject
Project("{FAE04EC0-301F-11D3-BF4B-00C04F79EFBC}") = "Unity.Rider.Editor", "Unity.Rider.Editor.csproj", "{81B95CE8-3F92-F599-D257-31DAB2A5564D}"
EndProject
Project("{FAE04EC0-301F-11D3-BF4B-00C04F79EFBC}") = "Unity.AI.Navigation", "Unity.AI.Navigation.csproj", "{021AABA7-CB1C-E2CC-7F6C-C764A1DFE21F}"
EndProject
Project("{FAE04EC0-301F-11D3-BF4B-00C04F79EFBC}") = "Unity.AI.Navigation.Editor.ConversionSystem", "Unity.AI.Navigation.Editor.ConversionSystem.csproj", "{F22A259B-F92E-290C-6FC6-D02EFFC74431}"
EndProject
Project("{FAE04EC0-301F-11D3-BF4B-00C04F79EFBC}") = "Unity.VisualScripting.State.Editor", "Unity.VisualScripting.State.Editor.csproj", "{15450EF2-9F79-58A4-5910-7F2F8D7D2518}"
EndProject
Project("{FAE04EC0-301F-11D3-BF4B-00C04F79EFBC}") = "Assembly-CSharp", "Assembly-CSharp.csproj", "{8B972DCD-228D-1950-F03D-59CF5D4502E2}"
EndProject
Project("{FAE04EC0-301F-11D3-BF4B-00C04F79EFBC}") = "Unity.Burst.CodeGen", "Unity.Burst.CodeGen.csproj", "{DF367EA6-58B7-C65B-7CD7-9B3E7FDE434A}"
EndProject
Project("{FAE04EC0-301F-11D3-BF4B-00C04F79EFBC}") = "Unity.VisualScripting.State", "Unity.VisualScripting.State.csproj", "{C13C55E6-EEAF-31C0-7501-B60330457131}"
EndProject
Project("{FAE04EC0-301F-11D3-BF4B-00C04F79EFBC}") = "Unity.TextMeshPro", "Unity.TextMeshPro.csproj", "{6209A6F0-0AFD-412D-526F-BD16903F76BF}"
EndProject
Project("{FAE04EC0-301F-11D3-BF4B-00C04F79EFBC}") = "Unity.VSCode.Editor", "Unity.VSCode.Editor.csproj", "{52B5D029-7D29-19C2-B8EB-40DCE28417D9}"
EndProject
Project("{FAE04EC0-301F-11D3-BF4B-00C04F79EFBC}") = "Unity.Burst.Editor", "Unity.Burst.Editor.csproj", "{1E085943-A25F-2B4E-F439-FAB9512D3C84}"
EndProject
Project("{FAE04EC0-301F-11D3-BF4B-00C04F79EFBC}") = "Unity.Sysroot.Linux_x86_64", "Unity.Sysroot.Linux_x86_64.csproj", "{0F552848-D789-E24E-6FEF-16D61E0704FF}"
EndProject
Project("{FAE04EC0-301F-11D3-BF4B-00C04F79EFBC}") = "Unity.AI.Navigation.Updater", "Unity.AI.Navigation.Updater.csproj", "{73EF2219-A65D-F394-2861-2728DEF071F8}"
EndProject
Project("{FAE04EC0-301F-11D3-BF4B-00C04F79EFBC}") = "Unity.Mathematics.Editor", "Unity.Mathematics.Editor.csproj", "{4BDCC1AF-572A-786C-EB5B-CBAC87D42D76}"
EndProject
Project("{FAE04EC0-301F-11D3-BF4B-00C04F79EFBC}") = "Assembly-CSharp-Editor", "Assembly-CSharp-Editor.csproj", "{B4A51DDF-ABCB-BFAC-8120-6DA770D1FE1F}"
EndProject
Project("{FAE04EC0-301F-11D3-BF4B-00C04F79EFBC}") = "Unity.SysrootPackage.Editor", "Unity.SysrootPackage.Editor.csproj", "{F8C4EBBA-34B7-6EF5-9758-993E69EB25CC}"
EndProject
Project("{FAE04EC0-301F-11D3-BF4B-00C04F79EFBC}") = "Unity.InputSystem.TestFramework", "Unity.InputSystem.TestFramework.csproj", "{0A1B1B34-4783-4F1C-9569-0F9C6DF4C869}"
EndProject
Project("{FAE04EC0-301F-11D3-BF4B-00C04F79EFBC}") = "Unity.VisualScripting.Shared.Editor", "Unity.VisualScripting.Shared.Editor.csproj", "{BA71A1C0-BB50-19F5-9668-2BFDF1E3011F}"
EndProject
Project("{FAE04EC0-301F-11D3-BF4B-00C04F79EFBC}") = "Unity.Toolchain.Win-x86_64-Linux-x86_64", "Unity.Toolchain.Win-x86_64-Linux-x86_64.csproj", "{49BC9E1B-449A-688B-1EB5-36B0138B460E}"
EndProject
Project("{FAE04EC0-301F-11D3-BF4B-00C04F79EFBC}") = "Unity.CollabProxy.Editor", "Unity.CollabProxy.Editor.csproj", "{E4B79526-7289-897A-D5B2-3F3D36D1F6D1}"
EndProject
Global
	GlobalSection(SolutionConfigurationPlatforms) = preSolution
		Debug|Any CPU = Debug|Any CPU
		Release|Any CPU = Release|Any CPU
	EndGlobalSection
	GlobalSection(ProjectConfigurationPlatforms) = postSolution
		{8D4478FB-0A89-E127-4DD6-C360E772098E}.Debug|Any CPU.ActiveCfg = Debug|Any CPU
		{8D4478FB-0A89-E127-4DD6-C360E772098E}.Debug|Any CPU.Build.0 = Debug|Any CPU
		{8D4478FB-0A89-E127-4DD6-C360E772098E}.Release|Any CPU.ActiveCfg = Release|Any CPU
		{8D4478FB-0A89-E127-4DD6-C360E772098E}.Release|Any CPU.Build.0 = Release|Any CPU
		{A3998093-42E0-264E-1FA5-3B44F22F0C3E}.Debug|Any CPU.ActiveCfg = Debug|Any CPU
		{A3998093-42E0-264E-1FA5-3B44F22F0C3E}.Debug|Any CPU.Build.0 = Debug|Any CPU
		{A3998093-42E0-264E-1FA5-3B44F22F0C3E}.Release|Any CPU.ActiveCfg = Release|Any CPU
		{A3998093-42E0-264E-1FA5-3B44F22F0C3E}.Release|Any CPU.Build.0 = Release|Any CPU
		{018270F0-B640-BC33-C774-D948CBEFBB1D}.Debug|Any CPU.ActiveCfg = Debug|Any CPU
		{018270F0-B640-BC33-C774-D948CBEFBB1D}.Debug|Any CPU.Build.0 = Debug|Any CPU
		{018270F0-B640-BC33-C774-D948CBEFBB1D}.Release|Any CPU.ActiveCfg = Release|Any CPU
		{018270F0-B640-BC33-C774-D948CBEFBB1D}.Release|Any CPU.Build.0 = Release|Any CPU
		{E1099298-050A-CE37-852D-B631BC552E8A}.Debug|Any CPU.ActiveCfg = Debug|Any CPU
		{E1099298-050A-CE37-852D-B631BC552E8A}.Debug|Any CPU.Build.0 = Debug|Any CPU
		{E1099298-050A-CE37-852D-B631BC552E8A}.Release|Any CPU.ActiveCfg = Release|Any CPU
		{E1099298-050A-CE37-852D-B631BC552E8A}.Release|Any CPU.Build.0 = Release|Any CPU
		{D53665F9-7BBE-9F20-F382-4F349722F5E3}.Debug|Any CPU.ActiveCfg = Debug|Any CPU
		{D53665F9-7BBE-9F20-F382-4F349722F5E3}.Debug|Any CPU.Build.0 = Debug|Any CPU
		{D53665F9-7BBE-9F20-F382-4F349722F5E3}.Release|Any CPU.ActiveCfg = Release|Any CPU
		{D53665F9-7BBE-9F20-F382-4F349722F5E3}.Release|Any CPU.Build.0 = Release|Any CPU
		{B74219DE-3C06-894D-DA78-BC6D8DF5CF51}.Debug|Any CPU.ActiveCfg = Debug|Any CPU
		{B74219DE-3C06-894D-DA78-BC6D8DF5CF51}.Debug|Any CPU.Build.0 = Debug|Any CPU
		{B74219DE-3C06-894D-DA78-BC6D8DF5CF51}.Release|Any CPU.ActiveCfg = Release|Any CPU
		{B74219DE-3C06-894D-DA78-BC6D8DF5CF51}.Release|Any CPU.Build.0 = Release|Any CPU
		{B08C78A1-C0D2-F7B3-B6F6-10C2ACF696D8}.Debug|Any CPU.ActiveCfg = Debug|Any CPU
		{B08C78A1-C0D2-F7B3-B6F6-10C2ACF696D8}.Debug|Any CPU.Build.0 = Debug|Any CPU
		{B08C78A1-C0D2-F7B3-B6F6-10C2ACF696D8}.Release|Any CPU.ActiveCfg = Release|Any CPU
		{B08C78A1-C0D2-F7B3-B6F6-10C2ACF696D8}.Release|Any CPU.Build.0 = Release|Any CPU
		{B900A53E-026E-81F7-9C93-27BF72ADB48E}.Debug|Any CPU.ActiveCfg = Debug|Any CPU
		{B900A53E-026E-81F7-9C93-27BF72ADB48E}.Debug|Any CPU.Build.0 = Debug|Any CPU
		{B900A53E-026E-81F7-9C93-27BF72ADB48E}.Release|Any CPU.ActiveCfg = Release|Any CPU
		{B900A53E-026E-81F7-9C93-27BF72ADB48E}.Release|Any CPU.Build.0 = Release|Any CPU
		{7C4A616D-48B4-620E-808D-6E264A053834}.Debug|Any CPU.ActiveCfg = Debug|Any CPU
		{7C4A616D-48B4-620E-808D-6E264A053834}.Debug|Any CPU.Build.0 = Debug|Any CPU
		{7C4A616D-48B4-620E-808D-6E264A053834}.Release|Any CPU.ActiveCfg = Release|Any CPU
		{7C4A616D-48B4-620E-808D-6E264A053834}.Release|Any CPU.Build.0 = Release|Any CPU
		{05666D95-3840-3B55-FE5C-2724639E0A4A}.Debug|Any CPU.ActiveCfg = Debug|Any CPU
		{05666D95-3840-3B55-FE5C-2724639E0A4A}.Debug|Any CPU.Build.0 = Debug|Any CPU
		{05666D95-3840-3B55-FE5C-2724639E0A4A}.Release|Any CPU.ActiveCfg = Release|Any CPU
		{05666D95-3840-3B55-FE5C-2724639E0A4A}.Release|Any CPU.Build.0 = Release|Any CPU
		{284A9A2B-A2C3-49A4-8953-31CE2E0EAC68}.Debug|Any CPU.ActiveCfg = Debug|Any CPU
		{284A9A2B-A2C3-49A4-8953-31CE2E0EAC68}.Debug|Any CPU.Build.0 = Debug|Any CPU
		{284A9A2B-A2C3-49A4-8953-31CE2E0EAC68}.Release|Any CPU.ActiveCfg = Release|Any CPU
		{284A9A2B-A2C3-49A4-8953-31CE2E0EAC68}.Release|Any CPU.Build.0 = Release|Any CPU
		{D58051D6-6C1A-BD73-78A8-B3F513818026}.Debug|Any CPU.ActiveCfg = Debug|Any CPU
		{D58051D6-6C1A-BD73-78A8-B3F513818026}.Debug|Any CPU.Build.0 = Debug|Any CPU
		{D58051D6-6C1A-BD73-78A8-B3F513818026}.Release|Any CPU.ActiveCfg = Release|Any CPU
		{D58051D6-6C1A-BD73-78A8-B3F513818026}.Release|Any CPU.Build.0 = Release|Any CPU
		{FD9A0C38-1598-CC1F-7259-F11C2C2B990C}.Debug|Any CPU.ActiveCfg = Debug|Any CPU
		{FD9A0C38-1598-CC1F-7259-F11C2C2B990C}.Debug|Any CPU.Build.0 = Debug|Any CPU
		{FD9A0C38-1598-CC1F-7259-F11C2C2B990C}.Release|Any CPU.ActiveCfg = Release|Any CPU
		{FD9A0C38-1598-CC1F-7259-F11C2C2B990C}.Release|Any CPU.Build.0 = Release|Any CPU
		{F8B7E5A9-B5CA-4679-0D8A-ACD1246B1614}.Debug|Any CPU.ActiveCfg = Debug|Any CPU
		{F8B7E5A9-B5CA-4679-0D8A-ACD1246B1614}.Debug|Any CPU.Build.0 = Debug|Any CPU
		{F8B7E5A9-B5CA-4679-0D8A-ACD1246B1614}.Release|Any CPU.ActiveCfg = Release|Any CPU
		{F8B7E5A9-B5CA-4679-0D8A-ACD1246B1614}.Release|Any CPU.Build.0 = Release|Any CPU
		{40629BBC-3C11-9A77-0F85-EB663C2CA234}.Debug|Any CPU.ActiveCfg = Debug|Any CPU
		{40629BBC-3C11-9A77-0F85-EB663C2CA234}.Debug|Any CPU.Build.0 = Debug|Any CPU
		{40629BBC-3C11-9A77-0F85-EB663C2CA234}.Release|Any CPU.ActiveCfg = Release|Any CPU
		{40629BBC-3C11-9A77-0F85-EB663C2CA234}.Release|Any CPU.Build.0 = Release|Any CPU
		{86BC9FE4-59CB-019B-4D02-07F1D788F83F}.Debug|Any CPU.ActiveCfg = Debug|Any CPU
		{86BC9FE4-59CB-019B-4D02-07F1D788F83F}.Debug|Any CPU.Build.0 = Debug|Any CPU
		{86BC9FE4-59CB-019B-4D02-07F1D788F83F}.Release|Any CPU.ActiveCfg = Release|Any CPU
		{86BC9FE4-59CB-019B-4D02-07F1D788F83F}.Release|Any CPU.Build.0 = Release|Any CPU
		{74248EE1-D1F0-2BB0-871B-B50ADCE72536}.Debug|Any CPU.ActiveCfg = Debug|Any CPU
		{74248EE1-D1F0-2BB0-871B-B50ADCE72536}.Debug|Any CPU.Build.0 = Debug|Any CPU
		{74248EE1-D1F0-2BB0-871B-B50ADCE72536}.Release|Any CPU.ActiveCfg = Release|Any CPU
		{74248EE1-D1F0-2BB0-871B-B50ADCE72536}.Release|Any CPU.Build.0 = Release|Any CPU
		{73FFFF06-AEE0-3060-8D0F-6C748B609399}.Debug|Any CPU.ActiveCfg = Debug|Any CPU
		{73FFFF06-AEE0-3060-8D0F-6C748B609399}.Debug|Any CPU.Build.0 = Debug|Any CPU
		{73FFFF06-AEE0-3060-8D0F-6C748B609399}.Release|Any CPU.ActiveCfg = Release|Any CPU
		{73FFFF06-AEE0-3060-8D0F-6C748B609399}.Release|Any CPU.Build.0 = Release|Any CPU
		{8727FD90-C1C2-38A4-FED4-3581CAFD1DC5}.Debug|Any CPU.ActiveCfg = Debug|Any CPU
		{8727FD90-C1C2-38A4-FED4-3581CAFD1DC5}.Debug|Any CPU.Build.0 = Debug|Any CPU
		{8727FD90-C1C2-38A4-FED4-3581CAFD1DC5}.Release|Any CPU.ActiveCfg = Release|Any CPU
		{8727FD90-C1C2-38A4-FED4-3581CAFD1DC5}.Release|Any CPU.Build.0 = Release|Any CPU
		{81B95CE8-3F92-F599-D257-31DAB2A5564D}.Debug|Any CPU.ActiveCfg = Debug|Any CPU
		{81B95CE8-3F92-F599-D257-31DAB2A5564D}.Debug|Any CPU.Build.0 = Debug|Any CPU
		{81B95CE8-3F92-F599-D257-31DAB2A5564D}.Release|Any CPU.ActiveCfg = Release|Any CPU
		{81B95CE8-3F92-F599-D257-31DAB2A5564D}.Release|Any CPU.Build.0 = Release|Any CPU
		{021AABA7-CB1C-E2CC-7F6C-C764A1DFE21F}.Debug|Any CPU.ActiveCfg = Debug|Any CPU
		{021AABA7-CB1C-E2CC-7F6C-C764A1DFE21F}.Debug|Any CPU.Build.0 = Debug|Any CPU
		{021AABA7-CB1C-E2CC-7F6C-C764A1DFE21F}.Release|Any CPU.ActiveCfg = Release|Any CPU
		{021AABA7-CB1C-E2CC-7F6C-C764A1DFE21F}.Release|Any CPU.Build.0 = Release|Any CPU
		{F22A259B-F92E-290C-6FC6-D02EFFC74431}.Debug|Any CPU.ActiveCfg = Debug|Any CPU
		{F22A259B-F92E-290C-6FC6-D02EFFC74431}.Debug|Any CPU.Build.0 = Debug|Any CPU
		{F22A259B-F92E-290C-6FC6-D02EFFC74431}.Release|Any CPU.ActiveCfg = Release|Any CPU
		{F22A259B-F92E-290C-6FC6-D02EFFC74431}.Release|Any CPU.Build.0 = Release|Any CPU
		{15450EF2-9F79-58A4-5910-7F2F8D7D2518}.Debug|Any CPU.ActiveCfg = Debug|Any CPU
		{15450EF2-9F79-58A4-5910-7F2F8D7D2518}.Debug|Any CPU.Build.0 = Debug|Any CPU
		{15450EF2-9F79-58A4-5910-7F2F8D7D2518}.Release|Any CPU.ActiveCfg = Release|Any CPU
		{15450EF2-9F79-58A4-5910-7F2F8D7D2518}.Release|Any CPU.Build.0 = Release|Any CPU
		{8B972DCD-228D-1950-F03D-59CF5D4502E2}.Debug|Any CPU.ActiveCfg = Debug|Any CPU
		{8B972DCD-228D-1950-F03D-59CF5D4502E2}.Debug|Any CPU.Build.0 = Debug|Any CPU
		{8B972DCD-228D-1950-F03D-59CF5D4502E2}.Release|Any CPU.ActiveCfg = Release|Any CPU
		{8B972DCD-228D-1950-F03D-59CF5D4502E2}.Release|Any CPU.Build.0 = Release|Any CPU
		{DF367EA6-58B7-C65B-7CD7-9B3E7FDE434A}.Debug|Any CPU.ActiveCfg = Debug|Any CPU
		{DF367EA6-58B7-C65B-7CD7-9B3E7FDE434A}.Debug|Any CPU.Build.0 = Debug|Any CPU
		{DF367EA6-58B7-C65B-7CD7-9B3E7FDE434A}.Release|Any CPU.ActiveCfg = Release|Any CPU
		{DF367EA6-58B7-C65B-7CD7-9B3E7FDE434A}.Release|Any CPU.Build.0 = Release|Any CPU
		{C13C55E6-EEAF-31C0-7501-B60330457131}.Debug|Any CPU.ActiveCfg = Debug|Any CPU
		{C13C55E6-EEAF-31C0-7501-B60330457131}.Debug|Any CPU.Build.0 = Debug|Any CPU
		{C13C55E6-EEAF-31C0-7501-B60330457131}.Release|Any CPU.ActiveCfg = Release|Any CPU
		{C13C55E6-EEAF-31C0-7501-B60330457131}.Release|Any CPU.Build.0 = Release|Any CPU
		{6209A6F0-0AFD-412D-526F-BD16903F76BF}.Debug|Any CPU.ActiveCfg = Debug|Any CPU
		{6209A6F0-0AFD-412D-526F-BD16903F76BF}.Debug|Any CPU.Build.0 = Debug|Any CPU
		{6209A6F0-0AFD-412D-526F-BD16903F76BF}.Release|Any CPU.ActiveCfg = Release|Any CPU
		{6209A6F0-0AFD-412D-526F-BD16903F76BF}.Release|Any CPU.Build.0 = Release|Any CPU
		{52B5D029-7D29-19C2-B8EB-40DCE28417D9}.Debug|Any CPU.ActiveCfg = Debug|Any CPU
		{52B5D029-7D29-19C2-B8EB-40DCE28417D9}.Debug|Any CPU.Build.0 = Debug|Any CPU
		{52B5D029-7D29-19C2-B8EB-40DCE28417D9}.Release|Any CPU.ActiveCfg = Release|Any CPU
		{52B5D029-7D29-19C2-B8EB-40DCE28417D9}.Release|Any CPU.Build.0 = Release|Any CPU
		{1E085943-A25F-2B4E-F439-FAB9512D3C84}.Debug|Any CPU.ActiveCfg = Debug|Any CPU
		{1E085943-A25F-2B4E-F439-FAB9512D3C84}.Debug|Any CPU.Build.0 = Debug|Any CPU
		{1E085943-A25F-2B4E-F439-FAB9512D3C84}.Release|Any CPU.ActiveCfg = Release|Any CPU
		{1E085943-A25F-2B4E-F439-FAB9512D3C84}.Release|Any CPU.Build.0 = Release|Any CPU
		{0F552848-D789-E24E-6FEF-16D61E0704FF}.Debug|Any CPU.ActiveCfg = Debug|Any CPU
		{0F552848-D789-E24E-6FEF-16D61E0704FF}.Debug|Any CPU.Build.0 = Debug|Any CPU
		{0F552848-D789-E24E-6FEF-16D61E0704FF}.Release|Any CPU.ActiveCfg = Release|Any CPU
		{0F552848-D789-E24E-6FEF-16D61E0704FF}.Release|Any CPU.Build.0 = Release|Any CPU
		{73EF2219-A65D-F394-2861-2728DEF071F8}.Debug|Any CPU.ActiveCfg = Debug|Any CPU
		{73EF2219-A65D-F394-2861-2728DEF071F8}.Debug|Any CPU.Build.0 = Debug|Any CPU
		{73EF2219-A65D-F394-2861-2728DEF071F8}.Release|Any CPU.ActiveCfg = Release|Any CPU
		{73EF2219-A65D-F394-2861-2728DEF071F8}.Release|Any CPU.Build.0 = Release|Any CPU
		{4BDCC1AF-572A-786C-EB5B-CBAC87D42D76}.Debug|Any CPU.ActiveCfg = Debug|Any CPU
		{4BDCC1AF-572A-786C-EB5B-CBAC87D42D76}.Debug|Any CPU.Build.0 = Debug|Any CPU
		{4BDCC1AF-572A-786C-EB5B-CBAC87D42D76}.Release|Any CPU.ActiveCfg = Release|Any CPU
		{4BDCC1AF-572A-786C-EB5B-CBAC87D42D76}.Release|Any CPU.Build.0 = Release|Any CPU
		{B4A51DDF-ABCB-BFAC-8120-6DA770D1FE1F}.Debug|Any CPU.ActiveCfg = Debug|Any CPU
		{B4A51DDF-ABCB-BFAC-8120-6DA770D1FE1F}.Debug|Any CPU.Build.0 = Debug|Any CPU
		{B4A51DDF-ABCB-BFAC-8120-6DA770D1FE1F}.Release|Any CPU.ActiveCfg = Release|Any CPU
		{B4A51DDF-ABCB-BFAC-8120-6DA770D1FE1F}.Release|Any CPU.Build.0 = Release|Any CPU
		{F8C4EBBA-34B7-6EF5-9758-993E69EB25CC}.Debug|Any CPU.ActiveCfg = Debug|Any CPU
		{F8C4EBBA-34B7-6EF5-9758-993E69EB25CC}.Debug|Any CPU.Build.0 = Debug|Any CPU
		{F8C4EBBA-34B7-6EF5-9758-993E69EB25CC}.Release|Any CPU.ActiveCfg = Release|Any CPU
		{F8C4EBBA-34B7-6EF5-9758-993E69EB25CC}.Release|Any CPU.Build.0 = Release|Any CPU
		{0A1B1B34-4783-4F1C-9569-0F9C6DF4C869}.Debug|Any CPU.ActiveCfg = Debug|Any CPU
		{0A1B1B34-4783-4F1C-9569-0F9C6DF4C869}.Debug|Any CPU.Build.0 = Debug|Any CPU
		{0A1B1B34-4783-4F1C-9569-0F9C6DF4C869}.Release|Any CPU.ActiveCfg = Release|Any CPU
		{0A1B1B34-4783-4F1C-9569-0F9C6DF4C869}.Release|Any CPU.Build.0 = Release|Any CPU
		{BA71A1C0-BB50-19F5-9668-2BFDF1E3011F}.Debug|Any CPU.ActiveCfg = Debug|Any CPU
		{BA71A1C0-BB50-19F5-9668-2BFDF1E3011F}.Debug|Any CPU.Build.0 = Debug|Any CPU
		{BA71A1C0-BB50-19F5-9668-2BFDF1E3011F}.Release|Any CPU.ActiveCfg = Release|Any CPU
		{BA71A1C0-BB50-19F5-9668-2BFDF1E3011F}.Release|Any CPU.Build.0 = Release|Any CPU
		{49BC9E1B-449A-688B-1EB5-36B0138B460E}.Debug|Any CPU.ActiveCfg = Debug|Any CPU
		{49BC9E1B-449A-688B-1EB5-36B0138B460E}.Debug|Any CPU.Build.0 = Debug|Any CPU
		{49BC9E1B-449A-688B-1EB5-36B0138B460E}.Release|Any CPU.ActiveCfg = Release|Any CPU
		{49BC9E1B-449A-688B-1EB5-36B0138B460E}.Release|Any CPU.Build.0 = Release|Any CPU
		{E4B79526-7289-897A-D5B2-3F3D36D1F6D1}.Debug|Any CPU.ActiveCfg = Debug|Any CPU
		{E4B79526-7289-897A-D5B2-3F3D36D1F6D1}.Debug|Any CPU.Build.0 = Debug|Any CPU
		{E4B79526-7289-897A-D5B2-3F3D36D1F6D1}.Release|Any CPU.ActiveCfg = Release|Any CPU
		{E4B79526-7289-897A-D5B2-3F3D36D1F6D1}.Release|Any CPU.Build.0 = Release|Any CPU
	EndGlobalSection
	GlobalSection(SolutionProperties) = preSolution
		HideSolutionNode = FALSE
	EndGlobalSection
EndGlobal
